
Microsoft Visual Studio Solution File, Format Version 12.00
# Visual Studio Version 16
VisualStudioVersion = 16.0.31005.135
MinimumVisualStudioVersion = 10.0.40219.1
Project("{FAE04EC0-301F-11D3-BF4B-00C04F79EFBC}") = "CodeFirstStudentDB.NETFramework", "CodeFirstStudentDB.NETFramework\CodeFirstStudentDB.NETFramework.csproj", "{D65F2C75-F976-4CC0-B299-E9908CC7E4C3}"
EndProject
Global
	GlobalSection(SolutionConfigurationPlatforms) = preSolution
		Debug|Any CPU = Debug|Any CPU
		Release|Any CPU = Release|Any CPU
	EndGlobalSection
	GlobalSection(ProjectConfigurationPlatforms) = postSolution
		{D65F2C75-F976-4CC0-B299-E9908CC7E4C3}.Debug|Any CPU.ActiveCfg = Debug|Any CPU
		{D65F2C75-F976-4CC0-B299-E9908CC7E4C3}.Debug|Any CPU.Build.0 = Debug|Any CPU
		{D65F2C75-F976-4CC0-B299-E9908CC7E4C3}.Release|Any CPU.ActiveCfg = Release|Any CPU
		{D65F2C75-F976-4CC0-B299-E9908CC7E4C3}.Release|Any CPU.Build.0 = Release|Any CPU
	EndGlobalSection
	GlobalSection(SolutionProperties) = preSolution
		HideSolutionNode = FALSE
	EndGlobalSection
	GlobalSection(ExtensibilityGlobals) = postSolution
		SolutionGuid = {29A099C3-399C-43C8-BCF4-CA9564CB5FBF}
	EndGlobalSection
EndGlobal
