
Microsoft Visual Studio Solution File, Format Version 12.00
# Visual Studio Version 16
VisualStudioVersion = 16.0.30907.101
MinimumVisualStudioVersion = 10.0.40219.1
Project("{FAE04EC0-301F-11D3-BF4B-00C04F79EFBC}") = "CarInsurance", "CarInsurance\CarInsurance.csproj", "{8BF40A5B-219F-455D-B521-3F7CF67ADACB}"
EndProject
Global
	GlobalSection(SolutionConfigurationPlatforms) = preSolution
		Debug|Any CPU = Debug|Any CPU
		Release|Any CPU = Release|Any CPU
	EndGlobalSection
	GlobalSection(ProjectConfigurationPlatforms) = postSolution
		{8BF40A5B-219F-455D-B521-3F7CF67ADACB}.Debug|Any CPU.ActiveCfg = Debug|Any CPU
		{8BF40A5B-219F-455D-B521-3F7CF67ADACB}.Debug|Any CPU.Build.0 = Debug|Any CPU
		{8BF40A5B-219F-455D-B521-3F7CF67ADACB}.Release|Any CPU.ActiveCfg = Release|Any CPU
		{8BF40A5B-219F-455D-B521-3F7CF67ADACB}.Release|Any CPU.Build.0 = Release|Any CPU
	EndGlobalSection
	GlobalSection(SolutionProperties) = preSolution
		HideSolutionNode = FALSE
	EndGlobalSection
	GlobalSection(ExtensibilityGlobals) = postSolution
		SolutionGuid = {27ADDE77-7811-4578-BD66-3AFD408CFCD6}
	EndGlobalSection
EndGlobal
