
Microsoft Visual Studio Solution File, Format Version 12.00
# Visual Studio Version 16
VisualStudioVersion = 16.0.30717.126
MinimumVisualStudioVersion = 10.0.40219.1
Project("{FAE04EC0-301F-11D3-BF4B-00C04F79EFBC}") = "NamedParameterPractice", "NamedParameterPractice\NamedParameterPractice.csproj", "{C71D55DA-3C17-4EDB-9D5F-2F18AA215127}"
EndProject
Global
	GlobalSection(SolutionConfigurationPlatforms) = preSolution
		Debug|Any CPU = Debug|Any CPU
		Release|Any CPU = Release|Any CPU
	EndGlobalSection
	GlobalSection(ProjectConfigurationPlatforms) = postSolution
		{C71D55DA-3C17-4EDB-9D5F-2F18AA215127}.Debug|Any CPU.ActiveCfg = Debug|Any CPU
		{C71D55DA-3C17-4EDB-9D5F-2F18AA215127}.Debug|Any CPU.Build.0 = Debug|Any CPU
		{C71D55DA-3C17-4EDB-9D5F-2F18AA215127}.Release|Any CPU.ActiveCfg = Release|Any CPU
		{C71D55DA-3C17-4EDB-9D5F-2F18AA215127}.Release|Any CPU.Build.0 = Release|Any CPU
	EndGlobalSection
	GlobalSection(SolutionProperties) = preSolution
		HideSolutionNode = FALSE
	EndGlobalSection
	GlobalSection(ExtensibilityGlobals) = postSolution
		SolutionGuid = {0CDC5717-6CA5-4175-856A-779AFF6F7D34}
	EndGlobalSection
EndGlobal
