
Microsoft Visual Studio Solution File, Format Version 12.00
# Visual Studio Version 16
VisualStudioVersion = 16.0.30717.126
MinimumVisualStudioVersion = 10.0.40219.1
Project("{FAE04EC0-301F-11D3-BF4B-00C04F79EFBC}") = "BooleanLogic", "BooleanLogic\BooleanLogic.csproj", "{68C9793E-60C9-4AC2-9BC8-C5CCF645BF57}"
EndProject
Global
	GlobalSection(SolutionConfigurationPlatforms) = preSolution
		Debug|Any CPU = Debug|Any CPU
		Release|Any CPU = Release|Any CPU
	EndGlobalSection
	GlobalSection(ProjectConfigurationPlatforms) = postSolution
		{68C9793E-60C9-4AC2-9BC8-C5CCF645BF57}.Debug|Any CPU.ActiveCfg = Debug|Any CPU
		{68C9793E-60C9-4AC2-9BC8-C5CCF645BF57}.Debug|Any CPU.Build.0 = Debug|Any CPU
		{68C9793E-60C9-4AC2-9BC8-C5CCF645BF57}.Release|Any CPU.ActiveCfg = Release|Any CPU
		{68C9793E-60C9-4AC2-9BC8-C5CCF645BF57}.Release|Any CPU.Build.0 = Release|Any CPU
	EndGlobalSection
	GlobalSection(SolutionProperties) = preSolution
		HideSolutionNode = FALSE
	EndGlobalSection
	GlobalSection(ExtensibilityGlobals) = postSolution
		SolutionGuid = {88F0BD99-D561-4081-A308-7FDBB5BFE186}
	EndGlobalSection
EndGlobal
